// !$*UTF8*$!
{
	archiveVersion = 1;
	classes = {
	};
	objectVersion = 55;
	objects = {

/* Begin PBXBuildFile section */
		47CEA67427E2D0C9006AFA01 /* UI_510App.swift in Sources */ = {isa = PBXBuildFile; fileRef = 47CEA67327E2D0C9006AFA01 /* UI_510App.swift */; };
		47CEA67627E2D0C9006AFA01 /* ContentView.swift in Sources */ = {isa = PBXBuildFile; fileRef = 47CEA67527E2D0C9006AFA01 /* ContentView.swift */; };
		47CEA67827E2D0C9006AFA01 /* Assets.xcassets in Resources */ = {isa = PBXBuildFile; fileRef = 47CEA67727E2D0C9006AFA01 /* Assets.xcassets */; };
		47CEA67B27E2D0C9006AFA01 /* Preview Assets.xcassets in Resources */ = {isa = PBXBuildFile; fileRef = 47CEA67A27E2D0C9006AFA01 /* Preview Assets.xcassets */; };
		47CEA68527E2D0C9006AFA01 /* UI_510Tests.swift in Sources */ = {isa = PBXBuildFile; fileRef = 47CEA68427E2D0C9006AFA01 /* UI_510Tests.swift */; };
		47CEA68F27E2D0C9006AFA01 /* UI_510UITests.swift in Sources */ = {isa = PBXBuildFile; fileRef = 47CEA68E27E2D0C9006AFA01 /* UI_510UITests.swift */; };
		47CEA69127E2D0C9006AFA01 /* UI_510UITestsLaunchTests.swift in Sources */ = {isa = PBXBuildFile; fileRef = 47CEA69027E2D0C9006AFA01 /* UI_510UITestsLaunchTests.swift */; };
		47CEA6A027E2D0F1006AFA01 /* Album.swift in Sources */ = {isa = PBXBuildFile; fileRef = 47CEA69F27E2D0F1006AFA01 /* Album.swift */; };
		47CEA6A427E2D135006AFA01 /* Home.swift in Sources */ = {isa = PBXBuildFile; fileRef = 47CEA6A327E2D135006AFA01 /* Home.swift */; };
		47CEA6A627E2D8F7006AFA01 /* OffsetModifier.swift in Sources */ = {isa = PBXBuildFile; fileRef = 47CEA6A527E2D8F7006AFA01 /* OffsetModifier.swift */; };
/* End PBXBuildFile section */

/* Begin PBXContainerItemProxy section */
		47CEA68127E2D0C9006AFA01 /* PBXContainerItemProxy */ = {
			isa = PBXContainerItemProxy;
			containerPortal = 47CEA66827E2D0C9006AFA01 /* Project object */;
			proxyType = 1;
			remoteGlobalIDString = 47CEA66F27E2D0C9006AFA01;
			remoteInfo = "UI-510";
		};
		47CEA68B27E2D0C9006AFA01 /* PBXContainerItemProxy */ = {
			isa = PBXContainerItemProxy;
			containerPortal = 47CEA66827E2D0C9006AFA01 /* Project object */;
			proxyType = 1;
			remoteGlobalIDString = 47CEA66F27E2D0C9006AFA01;
			remoteInfo = "UI-510";
		};
/* End PBXContainerItemProxy section */

/* Begin PBXFileReference section */
		47CEA67027E2D0C9006AFA01 /* UI-510.app */ = {isa = PBXFileReference; explicitFileType = wrapper.application; includeInIndex = 0; path = "UI-510.app"; sourceTree = BUILT_PRODUCTS_DIR; };
		47CEA67327E2D0C9006AFA01 /* UI_510App.swift */ = {isa = PBXFileReference; lastKnownFileType = sourcecode.swift; path = UI_510App.swift; sourceTree = "<group>"; };
		47CEA67527E2D0C9006AFA01 /* ContentView.swift */ = {isa = PBXFileReference; lastKnownFileType = sourcecode.swift; path = ContentView.swift; sourceTree = "<group>"; };
		47CEA67727E2D0C9006AFA01 /* Assets.xcassets */ = {isa = PBXFileReference; lastKnownFileType = folder.assetcatalog; path = Assets.xcassets; sourceTree = "<group>"; };
		47CEA67A27E2D0C9006AFA01 /* Preview Assets.xcassets */ = {isa = PBXFileReference; lastKnownFileType = folder.assetcatalog; path = "Preview Assets.xcassets"; sourceTree = "<group>"; };
		47CEA68027E2D0C9006AFA01 /* UI-510Tests.xctest */ = {isa = PBXFileReference; explicitFileType = wrapper.cfbundle; includeInIndex = 0; path = "UI-510Tests.xctest"; sourceTree = BUILT_PRODUCTS_DIR; };
		47CEA68427E2D0C9006AFA01 /* UI_510Tests.swift */ = {isa = PBXFileReference; lastKnownFileType = sourcecode.swift; path = UI_510Tests.swift; sourceTree = "<group>"; };
		47CEA68A27E2D0C9006AFA01 /* UI-510UITests.xctest */ = {isa = PBXFileReference; explicitFileType = wrapper.cfbundle; includeInIndex = 0; path = "UI-510UITests.xctest"; sourceTree = BUILT_PRODUCTS_DIR; };
		47CEA68E27E2D0C9006AFA01 /* UI_510UITests.swift */ = {isa = PBXFileReference; lastKnownFileType = sourcecode.swift; path = UI_510UITests.swift; sourceTree = "<group>"; };
		47CEA69027E2D0C9006AFA01 /* UI_510UITestsLaunchTests.swift */ = {isa = PBXFileReference; lastKnownFileType = sourcecode.swift; path = UI_510UITestsLaunchTests.swift; sourceTree = "<group>"; };
		47CEA69F27E2D0F1006AFA01 /* Album.swift */ = {isa = PBXFileReference; lastKnownFileType = sourcecode.swift; path = Album.swift; sourceTree = "<group>"; };
		47CEA6A327E2D135006AFA01 /* Home.swift */ = {isa = PBXFileReference; lastKnownFileType = sourcecode.swift; path = Home.swift; sourceTree = "<group>"; };
		47CEA6A527E2D8F7006AFA01 /* OffsetModifier.swift */ = {isa = PBXFileReference; lastKnownFileType = sourcecode.swift; path = OffsetModifier.swift; sourceTree = "<group>"; };
/* End PBXFileReference section */

/* Begin PBXFrameworksBuildPhase section */
		47CEA66D27E2D0C9006AFA01 /* Frameworks */ = {
			isa = PBXFrameworksBuildPhase;
			buildActionMask = 2147483647;
			files = (
			);
			runOnlyForDeploymentPostprocessing = 0;
		};
		47CEA67D27E2D0C9006AFA01 /* Frameworks */ = {
			isa = PBXFrameworksBuildPhase;
			buildActionMask = 2147483647;
			files = (
			);
			runOnlyForDeploymentPostprocessing = 0;
		};
		47CEA68727E2D0C9006AFA01 /* Frameworks */ = {
			isa = PBXFrameworksBuildPhase;
			buildActionMask = 2147483647;
			files = (
			);
			runOnlyForDeploymentPostprocessing = 0;
		};
/* End PBXFrameworksBuildPhase section */

/* Begin PBXGroup section */
		47CEA66727E2D0C9006AFA01 = {
			isa = PBXGroup;
			children = (
				47CEA67227E2D0C9006AFA01 /* UI-510 */,
				47CEA68327E2D0C9006AFA01 /* UI-510Tests */,
				47CEA68D27E2D0C9006AFA01 /* UI-510UITests */,
				47CEA67127E2D0C9006AFA01 /* Products */,
			);
			sourceTree = "<group>";
		};
		47CEA67127E2D0C9006AFA01 /* Products */ = {
			isa = PBXGroup;
			children = (
				47CEA67027E2D0C9006AFA01 /* UI-510.app */,
				47CEA68027E2D0C9006AFA01 /* UI-510Tests.xctest */,
				47CEA68A27E2D0C9006AFA01 /* UI-510UITests.xctest */,
			);
			name = Products;
			sourceTree = "<group>";
		};
		47CEA67227E2D0C9006AFA01 /* UI-510 */ = {
			isa = PBXGroup;
			children = (
				47CEA69E27E2D0E8006AFA01 /* Model */,
				47CEA69D27E2D0E3006AFA01 /* View */,
				47CEA67327E2D0C9006AFA01 /* UI_510App.swift */,
				47CEA67527E2D0C9006AFA01 /* ContentView.swift */,
				47CEA67727E2D0C9006AFA01 /* Assets.xcassets */,
				47CEA67927E2D0C9006AFA01 /* Preview Content */,
			);
			path = "UI-510";
			sourceTree = "<group>";
		};
		47CEA67927E2D0C9006AFA01 /* Preview Content */ = {
			isa = PBXGroup;
			children = (
				47CEA67A27E2D0C9006AFA01 /* Preview Assets.xcassets */,
			);
			path = "Preview Content";
			sourceTree = "<group>";
		};
		47CEA68327E2D0C9006AFA01 /* UI-510Tests */ = {
			isa = PBXGroup;
			children = (
				47CEA68427E2D0C9006AFA01 /* UI_510Tests.swift */,
			);
			path = "UI-510Tests";
			sourceTree = "<group>";
		};
		47CEA68D27E2D0C9006AFA01 /* UI-510UITests */ = {
			isa = PBXGroup;
			children = (
				47CEA68E27E2D0C9006AFA01 /* UI_510UITests.swift */,
				47CEA69027E2D0C9006AFA01 /* UI_510UITestsLaunchTests.swift */,
			);
			path = "UI-510UITests";
			sourceTree = "<group>";
		};
		47CEA69D27E2D0E3006AFA01 /* View */ = {
			isa = PBXGroup;
			children = (
				47CEA6A327E2D135006AFA01 /* Home.swift */,
				47CEA6A527E2D8F7006AFA01 /* OffsetModifier.swift */,
			);
			path = View;
			sourceTree = "<group>";
		};
		47CEA69E27E2D0E8006AFA01 /* Model */ = {
			isa = PBXGroup;
			children = (
				47CEA69F27E2D0F1006AFA01 /* Album.swift */,
			);
			path = Model;
			sourceTree = "<group>";
		};
/* End PBXGroup section */

/* Begin PBXNativeTarget section */
		47CEA66F27E2D0C9006AFA01 /* UI-510 */ = {
			isa = PBXNativeTarget;
			buildConfigurationList = 47CEA69427E2D0C9006AFA01 /* Build configuration list for PBXNativeTarget "UI-510" */;
			buildPhases = (
				47CEA66C27E2D0C9006AFA01 /* Sources */,
				47CEA66D27E2D0C9006AFA01 /* Frameworks */,
				47CEA66E27E2D0C9006AFA01 /* Resources */,
			);
			buildRules = (
			);
			dependencies = (
			);
			name = "UI-510";
			productName = "UI-510";
			productReference = 47CEA67027E2D0C9006AFA01 /* UI-510.app */;
			productType = "com.apple.product-type.application";
		};
		47CEA67F27E2D0C9006AFA01 /* UI-510Tests */ = {
			isa = PBXNativeTarget;
			buildConfigurationList = 47CEA69727E2D0C9006AFA01 /* Build configuration list for PBXNativeTarget "UI-510Tests" */;
			buildPhases = (
				47CEA67C27E2D0C9006AFA01 /* Sources */,
				47CEA67D27E2D0C9006AFA01 /* Frameworks */,
				47CEA67E27E2D0C9006AFA01 /* Resources */,
			);
			buildRules = (
			);
			dependencies = (
				47CEA68227E2D0C9006AFA01 /* PBXTargetDependency */,
			);
			name = "UI-510Tests";
			productName = "UI-510Tests";
			productReference = 47CEA68027E2D0C9006AFA01 /* UI-510Tests.xctest */;
			productType = "com.apple.product-type.bundle.unit-test";
		};
		47CEA68927E2D0C9006AFA01 /* UI-510UITests */ = {
			isa = PBXNativeTarget;
			buildConfigurationList = 47CEA69A27E2D0C9006AFA01 /* Build configuration list for PBXNativeTarget "UI-510UITests" */;
			buildPhases = (
				47CEA68627E2D0C9006AFA01 /* Sources */,
				47CEA68727E2D0C9006AFA01 /* Frameworks */,
				47CEA68827E2D0C9006AFA01 /* Resources */,
			);
			buildRules = (
			);
			dependencies = (
				47CEA68C27E2D0C9006AFA01 /* PBXTargetDependency */,
			);
			name = "UI-510UITests";
			productName = "UI-510UITests";
			productReference = 47CEA68A27E2D0C9006AFA01 /* UI-510UITests.xctest */;
			productType = "com.apple.product-type.bundle.ui-testing";
		};
/* End PBXNativeTarget section */

/* Begin PBXProject section */
		47CEA66827E2D0C9006AFA01 /* Project object */ = {
			isa = PBXProject;
			attributes = {
				BuildIndependentTargetsInParallel = 1;
				LastSwiftUpdateCheck = 1330;
				LastUpgradeCheck = 1330;
				TargetAttributes = {
					47CEA66F27E2D0C9006AFA01 = {
						CreatedOnToolsVersion = 13.3;
					};
					47CEA67F27E2D0C9006AFA01 = {
						CreatedOnToolsVersion = 13.3;
						TestTargetID = 47CEA66F27E2D0C9006AFA01;
					};
					47CEA68927E2D0C9006AFA01 = {
						CreatedOnToolsVersion = 13.3;
						TestTargetID = 47CEA66F27E2D0C9006AFA01;
					};
				};
			};
			buildConfigurationList = 47CEA66B27E2D0C9006AFA01 /* Build configuration list for PBXProject "UI-510" */;
			compatibilityVersion = "Xcode 13.0";
			developmentRegion = en;
			hasScannedForEncodings = 0;
			knownRegions = (
				en,
				Base,
			);
			mainGroup = 47CEA66727E2D0C9006AFA01;
			productRefGroup = 47CEA67127E2D0C9006AFA01 /* Products */;
			projectDirPath = "";
			projectRoot = "";
			targets = (
				47CEA66F27E2D0C9006AFA01 /* UI-510 */,
				47CEA67F27E2D0C9006AFA01 /* UI-510Tests */,
				47CEA68927E2D0C9006AFA01 /* UI-510UITests */,
			);
		};
/* End PBXProject section */

/* Begin PBXResourcesBuildPhase section */
		47CEA66E27E2D0C9006AFA01 /* Resources */ = {
			isa = PBXResourcesBuildPhase;
			buildActionMask = 2147483647;
			files = (
				47CEA67B27E2D0C9006AFA01 /* Preview Assets.xcassets in Resources */,
				47CEA67827E2D0C9006AFA01 /* Assets.xcassets in Resources */,
			);
			runOnlyForDeploymentPostprocessing = 0;
		};
		47CEA67E27E2D0C9006AFA01 /* Resources */ = {
			isa = PBXResourcesBuildPhase;
			buildActionMask = 2147483647;
			files = (
			);
			runOnlyForDeploymentPostprocessing = 0;
		};
		47CEA68827E2D0C9006AFA01 /* Resources */ = {
			isa = PBXResourcesBuildPhase;
			buildActionMask = 2147483647;
			files = (
			);
			runOnlyForDeploymentPostprocessing = 0;
		};
/* End PBXResourcesBuildPhase section */

/* Begin PBXSourcesBuildPhase section */
		47CEA66C27E2D0C9006AFA01 /* Sources */ = {
			isa = PBXSourcesBuildPhase;
			buildActionMask = 2147483647;
			files = (
				47CEA67627E2D0C9006AFA01 /* ContentView.swift in Sources */,
				47CEA67427E2D0C9006AFA01 /* UI_510App.swift in Sources */,
				47CEA6A627E2D8F7006AFA01 /* OffsetModifier.swift in Sources */,
				47CEA6A427E2D135006AFA01 /* Home.swift in Sources */,
				47CEA6A027E2D0F1006AFA01 /* Album.swift in Sources */,
			);
			runOnlyForDeploymentPostprocessing = 0;
		};
		47CEA67C27E2D0C9006AFA01 /* Sources */ = {
			isa = PBXSourcesBuildPhase;
			buildActionMask = 2147483647;
			files = (
				47CEA68527E2D0C9006AFA01 /* UI_510Tests.swift in Sources */,
			);
			runOnlyForDeploymentPostprocessing = 0;
		};
		47CEA68627E2D0C9006AFA01 /* Sources */ = {
			isa = PBXSourcesBuildPhase;
			buildActionMask = 2147483647;
			files = (
				47CEA68F27E2D0C9006AFA01 /* UI_510UITests.swift in Sources */,
				47CEA69127E2D0C9006AFA01 /* UI_510UITestsLaunchTests.swift in Sources */,
			);
			runOnlyForDeploymentPostprocessing = 0;
		};
/* End PBXSourcesBuildPhase section */

/* Begin PBXTargetDependency section */
		47CEA68227E2D0C9006AFA01 /* PBXTargetDependency */ = {
			isa = PBXTargetDependency;
			target = 47CEA66F27E2D0C9006AFA01 /* UI-510 */;
			targetProxy = 47CEA68127E2D0C9006AFA01 /* PBXContainerItemProxy */;
		};
		47CEA68C27E2D0C9006AFA01 /* PBXTargetDependency */ = {
			isa = PBXTargetDependency;
			target = 47CEA66F27E2D0C9006AFA01 /* UI-510 */;
			targetProxy = 47CEA68B27E2D0C9006AFA01 /* PBXContainerItemProxy */;
		};
/* End PBXTargetDependency section */

/* Begin XCBuildConfiguration section */
		47CEA69227E2D0C9006AFA01 /* Debug */ = {
			isa = XCBuildConfiguration;
			buildSettings = {
				ALWAYS_SEARCH_USER_PATHS = NO;
				CLANG_ANALYZER_NONNULL = YES;
				CLANG_ANALYZER_NUMBER_OBJECT_CONVERSION = YES_AGGRESSIVE;
				CLANG_CXX_LANGUAGE_STANDARD = "gnu++17";
				CLANG_ENABLE_MODULES = YES;
				CLANG_ENABLE_OBJC_ARC = YES;
				CLANG_ENABLE_OBJC_WEAK = YES;
				CLANG_WARN_BLOCK_CAPTURE_AUTORELEASING = YES;
				CLANG_WARN_BOOL_CONVERSION = YES;
				CLANG_WARN_COMMA = YES;
				CLANG_WARN_CONSTANT_CONVERSION = YES;
				CLANG_WARN_DEPRECATED_OBJC_IMPLEMENTATIONS = YES;
				CLANG_WARN_DIRECT_OBJC_ISA_USAGE = YES_ERROR;
				CLANG_WARN_DOCUMENTATION_COMMENTS = YES;
				CLANG_WARN_EMPTY_BODY = YES;
				CLANG_WARN_ENUM_CONVERSION = YES;
				CLANG_WARN_INFINITE_RECURSION = YES;
				CLANG_WARN_INT_CONVERSION = YES;
				CLANG_WARN_NON_LITERAL_NULL_CONVERSION = YES;
				CLANG_WARN_OBJC_IMPLICIT_RETAIN_SELF = YES;
				CLANG_WARN_OBJC_LITERAL_CONVERSION = YES;
				CLANG_WARN_OBJC_ROOT_CLASS = YES_ERROR;
				CLANG_WARN_QUOTED_INCLUDE_IN_FRAMEWORK_HEADER = YES;
				CLANG_WARN_RANGE_LOOP_ANALYSIS = YES;
				CLANG_WARN_STRICT_PROTOTYPES = YES;
				CLANG_WARN_SUSPICIOUS_MOVE = YES;
				CLANG_WARN_UNGUARDED_AVAILABILITY = YES_AGGRESSIVE;
				CLANG_WARN_UNREACHABLE_CODE = YES;
				CLANG_WARN__DUPLICATE_METHOD_MATCH = YES;
				COPY_PHASE_STRIP = NO;
				DEBUG_INFORMATION_FORMAT = dwarf;
				ENABLE_STRICT_OBJC_MSGSEND = YES;
				ENABLE_TESTABILITY = YES;
				GCC_C_LANGUAGE_STANDARD = gnu11;
				GCC_DYNAMIC_NO_PIC = NO;
				GCC_NO_COMMON_BLOCKS = YES;
				GCC_OPTIMIZATION_LEVEL = 0;
				GCC_PREPROCESSOR_DEFINITIONS = (
					"DEBUG=1",
					"$(inherited)",
				);
				GCC_WARN_64_TO_32_BIT_CONVERSION = YES;
				GCC_WARN_ABOUT_RETURN_TYPE = YES_ERROR;
				GCC_WARN_UNDECLARED_SELECTOR = YES;
				GCC_WARN_UNINITIALIZED_AUTOS = YES_AGGRESSIVE;
				GCC_WARN_UNUSED_FUNCTION = YES;
				GCC_WARN_UNUSED_VARIABLE = YES;
				IPHONEOS_DEPLOYMENT_TARGET = 15.4;
				MTL_ENABLE_DEBUG_INFO = INCLUDE_SOURCE;
				MTL_FAST_MATH = YES;
				ONLY_ACTIVE_ARCH = YES;
				SDKROOT = iphoneos;
				SWIFT_ACTIVE_COMPILATION_CONDITIONS = DEBUG;
				SWIFT_OPTIMIZATION_LEVEL = "-Onone";
			};
			name = Debug;
		};
		47CEA69327E2D0C9006AFA01 /* Release */ = {
			isa = XCBuildConfiguration;
			buildSettings = {
				ALWAYS_SEARCH_USER_PATHS = NO;
				CLANG_ANALYZER_NONNULL = YES;
				CLANG_ANALYZER_NUMBER_OBJECT_CONVERSION = YES_AGGRESSIVE;
				CLANG_CXX_LANGUAGE_STANDARD = "gnu++17";
				CLANG_ENABLE_MODULES = YES;
				CLANG_ENABLE_OBJC_ARC = YES;
				CLANG_ENABLE_OBJC_WEAK = YES;
				CLANG_WARN_BLOCK_CAPTURE_AUTORELEASING = YES;
				CLANG_WARN_BOOL_CONVERSION = YES;
				CLANG_WARN_COMMA = YES;
				CLANG_WARN_CONSTANT_CONVERSION = YES;
				CLANG_WARN_DEPRECATED_OBJC_IMPLEMENTATIONS = YES;
				CLANG_WARN_DIRECT_OBJC_ISA_USAGE = YES_ERROR;
				CLANG_WARN_DOCUMENTATION_COMMENTS = YES;
				CLANG_WARN_EMPTY_BODY = YES;
				CLANG_WARN_ENUM_CONVERSION = YES;
				CLANG_WARN_INFINITE_RECURSION = YES;
				CLANG_WARN_INT_CONVERSION = YES;
				CLANG_WARN_NON_LITERAL_NULL_CONVERSION = YES;
				CLANG_WARN_OBJC_IMPLICIT_RETAIN_SELF = YES;
				CLANG_WARN_OBJC_LITERAL_CONVERSION = YES;
				CLANG_WARN_OBJC_ROOT_CLASS = YES_ERROR;
				CLANG_WARN_QUOTED_INCLUDE_IN_FRAMEWORK_HEADER = YES;
				CLANG_WARN_RANGE_LOOP_ANALYSIS = YES;
				CLANG_WARN_STRICT_PROTOTYPES = YES;
				CLANG_WARN_SUSPICIOUS_MOVE = YES;
				CLANG_WARN_UNGUARDED_AVAILABILITY = YES_AGGRESSIVE;
				CLANG_WARN_UNREACHABLE_CODE = YES;
				CLANG_WARN__DUPLICATE_METHOD_MATCH = YES;
				COPY_PHASE_STRIP = NO;
				DEBUG_INFORMATION_FORMAT = "dwarf-with-dsym";
				ENABLE_NS_ASSERTIONS = NO;
				ENABLE_STRICT_OBJC_MSGSEND = YES;
				GCC_C_LANGUAGE_STANDARD = gnu11;
				GCC_NO_COMMON_BLOCKS = YES;
				GCC_WARN_64_TO_32_BIT_CONVERSION = YES;
				GCC_WARN_ABOUT_RETURN_TYPE = YES_ERROR;
				GCC_WARN_UNDECLARED_SELECTOR = YES;
				GCC_WARN_UNINITIALIZED_AUTOS = YES_AGGRESSIVE;
				GCC_WARN_UNUSED_FUNCTION = YES;
				GCC_WARN_UNUSED_VARIABLE = YES;
				IPHONEOS_DEPLOYMENT_TARGET = 15.4;
				MTL_ENABLE_DEBUG_INFO = NO;
				MTL_FAST_MATH = YES;
				SDKROOT = iphoneos;
				SWIFT_COMPILATION_MODE = wholemodule;
				SWIFT_OPTIMIZATION_LEVEL = "-O";
				VALIDATE_PRODUCT = YES;
			};
			name = Release;
		};
		47CEA69527E2D0C9006AFA01 /* Debug */ = {
			isa = XCBuildConfiguration;
			buildSettings = {
				ASSETCATALOG_COMPILER_APPICON_NAME = AppIcon;
				ASSETCATALOG_COMPILER_GLOBAL_ACCENT_COLOR_NAME = AccentColor;
				CODE_SIGN_STYLE = Automatic;
				CURRENT_PROJECT_VERSION = 1;
				DEVELOPMENT_ASSET_PATHS = "\"UI-510/Preview Content\"";
				DEVELOPMENT_TEAM = 8CL4U468K5;
				ENABLE_PREVIEWS = YES;
				GENERATE_INFOPLIST_FILE = YES;
				INFOPLIST_KEY_UIApplicationSceneManifest_Generation = YES;
				INFOPLIST_KEY_UIApplicationSupportsIndirectInputEvents = YES;
				INFOPLIST_KEY_UILaunchScreen_Generation = YES;
				INFOPLIST_KEY_UISupportedInterfaceOrientations_iPad = "UIInterfaceOrientationPortrait UIInterfaceOrientationPortraitUpsideDown UIInterfaceOrientationLandscapeLeft UIInterfaceOrientationLandscapeRight";
				INFOPLIST_KEY_UISupportedInterfaceOrientations_iPhone = "UIInterfaceOrientationPortrait UIInterfaceOrientationLandscapeLeft UIInterfaceOrientationLandscapeRight";
				LD_RUNPATH_SEARCH_PATHS = (
					"$(inherited)",
					"@executable_path/Frameworks",
				);
				MARKETING_VERSION = 1.0;
				PRODUCT_BUNDLE_IDENTIFIER = "com.585.UI-510";
				PRODUCT_NAME = "$(TARGET_NAME)";
				SWIFT_EMIT_LOC_STRINGS = YES;
				SWIFT_VERSION = 5.0;
				TARGETED_DEVICE_FAMILY = "1,2";
			};
			name = Debug;
		};
		47CEA69627E2D0C9006AFA01 /* Release */ = {
			isa = XCBuildConfiguration;
			buildSettings = {
				ASSETCATALOG_COMPILER_APPICON_NAME = AppIcon;
				ASSETCATALOG_COMPILER_GLOBAL_ACCENT_COLOR_NAME = AccentColor;
				CODE_SIGN_STYLE = Automatic;
				CURRENT_PROJECT_VERSION = 1;
				DEVELOPMENT_ASSET_PATHS = "\"UI-510/Preview Content\"";
				DEVELOPMENT_TEAM = 8CL4U468K5;
				ENABLE_PREVIEWS = YES;
				GENERATE_INFOPLIST_FILE = YES;
				INFOPLIST_KEY_UIApplicationSceneManifest_Generation = YES;
				INFOPLIST_KEY_UIApplicationSupportsIndirectInputEvents = YES;
				INFOPLIST_KEY_UILaunchScreen_Generation = YES;
				INFOPLIST_KEY_UISupportedInterfaceOrientations_iPad = "UIInterfaceOrientationPortrait UIInterfaceOrientationPortraitUpsideDown UIInterfaceOrientationLandscapeLeft UIInterfaceOrientationLandscapeRight";
				INFOPLIST_KEY_UISupportedInterfaceOrientations_iPhone = "UIInterfaceOrientationPortrait UIInterfaceOrientationLandscapeLeft UIInterfaceOrientationLandscapeRight";
				LD_RUNPATH_SEARCH_PATHS = (
					"$(inherited)",
					"@executable_path/Frameworks",
				);
				MARKETING_VERSION = 1.0;
				PRODUCT_BUNDLE_IDENTIFIER = "com.585.UI-510";
				PRODUCT_NAME = "$(TARGET_NAME)";
				SWIFT_EMIT_LOC_STRINGS = YES;
				SWIFT_VERSION = 5.0;
				TARGETED_DEVICE_FAMILY = "1,2";
			};
			name = Release;
		};
		47CEA69827E2D0C9006AFA01 /* Debug */ = {
			isa = XCBuildConfiguration;
			buildSettings = {
				ALWAYS_EMBED_SWIFT_STANDARD_LIBRARIES = YES;
				BUNDLE_LOADER = "$(TEST_HOST)";
				CODE_SIGN_STYLE = Automatic;
				CURRENT_PROJECT_VERSION = 1;
				DEVELOPMENT_TEAM = 8CL4U468K5;
				GENERATE_INFOPLIST_FILE = YES;
				IPHONEOS_DEPLOYMENT_TARGET = 15.4;
				MARKETING_VERSION = 1.0;
				PRODUCT_BUNDLE_IDENTIFIER = "com.585.UI-510Tests";
				PRODUCT_NAME = "$(TARGET_NAME)";
				SWIFT_EMIT_LOC_STRINGS = NO;
				SWIFT_VERSION = 5.0;
				TARGETED_DEVICE_FAMILY = "1,2";
				TEST_HOST = "$(BUILT_PRODUCTS_DIR)/UI-510.app/UI-510";
			};
			name = Debug;
		};
		47CEA69927E2D0C9006AFA01 /* Release */ = {
			isa = XCBuildConfiguration;
			buildSettings = {
				ALWAYS_EMBED_SWIFT_STANDARD_LIBRARIES = YES;
				BUNDLE_LOADER = "$(TEST_HOST)";
				CODE_SIGN_STYLE = Automatic;
				CURRENT_PROJECT_VERSION = 1;
				DEVELOPMENT_TEAM = 8CL4U468K5;
				GENERATE_INFOPLIST_FILE = YES;
				IPHONEOS_DEPLOYMENT_TARGET = 15.4;
				MARKETING_VERSION = 1.0;
				PRODUCT_BUNDLE_IDENTIFIER = "com.585.UI-510Tests";
				PRODUCT_NAME = "$(TARGET_NAME)";
				SWIFT_EMIT_LOC_STRINGS = NO;
				SWIFT_VERSION = 5.0;
				TARGETED_DEVICE_FAMILY = "1,2";
				TEST_HOST = "$(BUILT_PRODUCTS_DIR)/UI-510.app/UI-510";
			};
			name = Release;
		};
		47CEA69B27E2D0C9006AFA01 /* Debug */ = {
			isa = XCBuildConfiguration;
			buildSettings = {
				ALWAYS_EMBED_SWIFT_STANDARD_LIBRARIES = YES;
				CODE_SIGN_STYLE = Automatic;
				CURRENT_PROJECT_VERSION = 1;
				DEVELOPMENT_TEAM = 8CL4U468K5;
				GENERATE_INFOPLIST_FILE = YES;
				MARKETING_VERSION = 1.0;
				PRODUCT_BUNDLE_IDENTIFIER = "com.585.UI-510UITests";
				PRODUCT_NAME = "$(TARGET_NAME)";
				SWIFT_EMIT_LOC_STRINGS = NO;
				SWIFT_VERSION = 5.0;
				TARGETED_DEVICE_FAMILY = "1,2";
				TEST_TARGET_NAME = "UI-510";
			};
			name = Debug;
		};
		47CEA69C27E2D0C9006AFA01 /* Release */ = {
			isa = XCBuildConfiguration;
			buildSettings = {
				ALWAYS_EMBED_SWIFT_STANDARD_LIBRARIES = YES;
				CODE_SIGN_STYLE = Automatic;
				CURRENT_PROJECT_VERSION = 1;
				DEVELOPMENT_TEAM = 8CL4U468K5;
				GENERATE_INFOPLIST_FILE = YES;
				MARKETING_VERSION = 1.0;
				PRODUCT_BUNDLE_IDENTIFIER = "com.585.UI-510UITests";
				PRODUCT_NAME = "$(TARGET_NAME)";
				SWIFT_EMIT_LOC_STRINGS = NO;
				SWIFT_VERSION = 5.0;
				TARGETED_DEVICE_FAMILY = "1,2";
				TEST_TARGET_NAME = "UI-510";
			};
			name = Release;
		};
/* End XCBuildConfiguration section */

/* Begin XCConfigurationList section */
		47CEA66B27E2D0C9006AFA01 /* Build configuration list for PBXProject "UI-510" */ = {
			isa = XCConfigurationList;
			buildConfigurations = (
				47CEA69227E2D0C9006AFA01 /* Debug */,
				47CEA69327E2D0C9006AFA01 /* Release */,
			);
			defaultConfigurationIsVisible = 0;
			defaultConfigurationName = Release;
		};
		47CEA69427E2D0C9006AFA01 /* Build configuration list for PBXNativeTarget "UI-510" */ = {
			isa = XCConfigurationList;
			buildConfigurations = (
				47CEA69527E2D0C9006AFA01 /* Debug */,
				47CEA69627E2D0C9006AFA01 /* Release */,
			);
			defaultConfigurationIsVisible = 0;
			defaultConfigurationName = Release;
		};
		47CEA69727E2D0C9006AFA01 /* Build configuration list for PBXNativeTarget "UI-510Tests" */ = {
			isa = XCConfigurationList;
			buildConfigurations = (
				47CEA69827E2D0C9006AFA01 /* Debug */,
				47CEA69927E2D0C9006AFA01 /* Release */,
			);
			defaultConfigurationIsVisible = 0;
			defaultConfigurationName = Release;
		};
		47CEA69A27E2D0C9006AFA01 /* Build configuration list for PBXNativeTarget "UI-510UITests" */ = {
			isa = XCConfigurationList;
			buildConfigurations = (
				47CEA69B27E2D0C9006AFA01 /* Debug */,
				47CEA69C27E2D0C9006AFA01 /* Release */,
			);
			defaultConfigurationIsVisible = 0;
			defaultConfigurationName = Release;
		};
/* End XCConfigurationList section */
	};
	rootObject = 47CEA66827E2D0C9006AFA01 /* Project object */;
}
